
Microsoft Visual Studio Solution File, Format Version 12.00
# Visual Studio Version 17
VisualStudioVersion = 17.11.35327.3
MinimumVisualStudioVersion = 10.0.40219.1
Project("{FAE04EC0-301F-11D3-BF4B-00C04F79EFBC}") = "Calculadora Web", "Calculadora Web\Calculadora Web.csproj", "{7609DE72-B3E3-44BC-BDCA-0E7905A448BE}"
EndProject
Global
	GlobalSection(SolutionConfigurationPlatforms) = preSolution
		Debug|Any CPU = Debug|Any CPU
		Release|Any CPU = Release|Any CPU
	EndGlobalSection
	GlobalSection(ProjectConfigurationPlatforms) = postSolution
		{7609DE72-B3E3-44BC-BDCA-0E7905A448BE}.Debug|Any CPU.ActiveCfg = Debug|Any CPU
		{7609DE72-B3E3-44BC-BDCA-0E7905A448BE}.Debug|Any CPU.Build.0 = Debug|Any CPU
		{7609DE72-B3E3-44BC-BDCA-0E7905A448BE}.Release|Any CPU.ActiveCfg = Release|Any CPU
		{7609DE72-B3E3-44BC-BDCA-0E7905A448BE}.Release|Any CPU.Build.0 = Release|Any CPU
	EndGlobalSection
	GlobalSection(SolutionProperties) = preSolution
		HideSolutionNode = FALSE
	EndGlobalSection
	GlobalSection(ExtensibilityGlobals) = postSolution
		SolutionGuid = {E3C06640-5003-4964-8A8B-65992D703E91}
	EndGlobalSection
EndGlobal
